
Microsoft Visual Studio Solution File, Format Version 12.00
# Visual Studio Version 16
VisualStudioVersion = 16.0.30225.117
MinimumVisualStudioVersion = 10.0.40219.1
Project("{FAE04EC0-301F-11D3-BF4B-00C04F79EFBC}") = "Database", "Database\Database.csproj", "{5E0C9CF5-CDA5-46FB-881A-7F58F9A67EBB}"
EndProject
Global
	GlobalSection(SolutionConfigurationPlatforms) = preSolution
		Debug|Any CPU = Debug|Any CPU
		Release|Any CPU = Release|Any CPU
	EndGlobalSection
	GlobalSection(ProjectConfigurationPlatforms) = postSolution
		{5E0C9CF5-CDA5-46FB-881A-7F58F9A67EBB}.Debug|Any CPU.ActiveCfg = Debug|Any CPU
		{5E0C9CF5-CDA5-46FB-881A-7F58F9A67EBB}.Debug|Any CPU.Build.0 = Debug|Any CPU
		{5E0C9CF5-CDA5-46FB-881A-7F58F9A67EBB}.Release|Any CPU.ActiveCfg = Release|Any CPU
		{5E0C9CF5-CDA5-46FB-881A-7F58F9A67EBB}.Release|Any CPU.Build.0 = Release|Any CPU
	EndGlobalSection
	GlobalSection(SolutionProperties) = preSolution
		HideSolutionNode = FALSE
	EndGlobalSection
	GlobalSection(ExtensibilityGlobals) = postSolution
		SolutionGuid = {541CEB83-DE56-4C47-A3E6-3490D8CFA34F}
	EndGlobalSection
EndGlobal
